
Microsoft Visual Studio Solution File, Format Version 11.00
# Visual Studio 2010
Project("{FAE04EC0-301F-11D3-BF4B-00C04F79EFBC}") = "PhotonRealtime", "PhotonRealtime.csproj", "{eeecb242-9035-6bff-4345-2b07da805fba}"
EndProject
Project("{FAE04EC0-301F-11D3-BF4B-00C04F79EFBC}") = "Assembly-CSharp", "Assembly-CSharp.csproj", "{8feeade0-03e8-750d-2792-081a880a9b94}"
EndProject
Project("{FAE04EC0-301F-11D3-BF4B-00C04F79EFBC}") = "PhotonUnityNetworking", "PhotonUnityNetworking.csproj", "{70aabdde-2194-9f5a-d58e-c15ff3b5d088}"
EndProject
Project("{FAE04EC0-301F-11D3-BF4B-00C04F79EFBC}") = "PhotonUnityNetworking.Utilities", "PhotonUnityNetworking.Utilities.csproj", "{5568d211-9a8d-3700-00b2-fb1c082765dd}"
EndProject
Project("{FAE04EC0-301F-11D3-BF4B-00C04F79EFBC}") = "PhotonChat", "PhotonChat.csproj", "{591efa01-8475-aedb-f622-c849f913161d}"
EndProject
Project("{FAE04EC0-301F-11D3-BF4B-00C04F79EFBC}") = "TestAssem", "TestAssem.csproj", "{98b1b7cb-a637-2b07-e0e4-6479e99aa41a}"
EndProject
Project("{FAE04EC0-301F-11D3-BF4B-00C04F79EFBC}") = "PhotonUnityNetworking.Editor", "PhotonUnityNetworking.Editor.csproj", "{16663833-f858-3fb2-e849-f9c385923197}"
EndProject
Project("{FAE04EC0-301F-11D3-BF4B-00C04F79EFBC}") = "PhotonUnityNetworking.Utilities.PhotonPlayer.Editor", "PhotonUnityNetworking.Utilities.PhotonPlayer.Editor.csproj", "{ddd145e2-b886-c64f-149a-acc905186ed8}"
EndProject
Project("{FAE04EC0-301F-11D3-BF4B-00C04F79EFBC}") = "PacmanTests", "PacmanTests.csproj", "{439065d7-33cb-6972-6786-d173df2d0161}"
EndProject
Project("{FAE04EC0-301F-11D3-BF4B-00C04F79EFBC}") = "PhotonUnityNetworking.Utilities.Culling.Editor", "PhotonUnityNetworking.Utilities.Culling.Editor.csproj", "{5230e02c-b4f5-c845-9ba0-26520e8d3853}"
EndProject
Project("{FAE04EC0-301F-11D3-BF4B-00C04F79EFBC}") = "Assembly-CSharp-Editor", "Assembly-CSharp-Editor.csproj", "{3621e8f0-ca34-3d96-f95b-16252eba248c}"
EndProject
Global
	GlobalSection(SolutionConfigurationPlatforms) = preSolution
		Debug|Any CPU = Debug|Any CPU
	EndGlobalSection
	GlobalSection(ProjectConfigurationPlatforms) = postSolution
		{eeecb242-9035-6bff-4345-2b07da805fba}.Debug|Any CPU.ActiveCfg = Debug|Any CPU
		{eeecb242-9035-6bff-4345-2b07da805fba}.Debug|Any CPU.Build.0 = Debug|Any CPU
		{8feeade0-03e8-750d-2792-081a880a9b94}.Debug|Any CPU.ActiveCfg = Debug|Any CPU
		{8feeade0-03e8-750d-2792-081a880a9b94}.Debug|Any CPU.Build.0 = Debug|Any CPU
		{70aabdde-2194-9f5a-d58e-c15ff3b5d088}.Debug|Any CPU.ActiveCfg = Debug|Any CPU
		{70aabdde-2194-9f5a-d58e-c15ff3b5d088}.Debug|Any CPU.Build.0 = Debug|Any CPU
		{5568d211-9a8d-3700-00b2-fb1c082765dd}.Debug|Any CPU.ActiveCfg = Debug|Any CPU
		{5568d211-9a8d-3700-00b2-fb1c082765dd}.Debug|Any CPU.Build.0 = Debug|Any CPU
		{591efa01-8475-aedb-f622-c849f913161d}.Debug|Any CPU.ActiveCfg = Debug|Any CPU
		{591efa01-8475-aedb-f622-c849f913161d}.Debug|Any CPU.Build.0 = Debug|Any CPU
		{98b1b7cb-a637-2b07-e0e4-6479e99aa41a}.Debug|Any CPU.ActiveCfg = Debug|Any CPU
		{98b1b7cb-a637-2b07-e0e4-6479e99aa41a}.Debug|Any CPU.Build.0 = Debug|Any CPU
		{16663833-f858-3fb2-e849-f9c385923197}.Debug|Any CPU.ActiveCfg = Debug|Any CPU
		{16663833-f858-3fb2-e849-f9c385923197}.Debug|Any CPU.Build.0 = Debug|Any CPU
		{ddd145e2-b886-c64f-149a-acc905186ed8}.Debug|Any CPU.ActiveCfg = Debug|Any CPU
		{ddd145e2-b886-c64f-149a-acc905186ed8}.Debug|Any CPU.Build.0 = Debug|Any CPU
		{439065d7-33cb-6972-6786-d173df2d0161}.Debug|Any CPU.ActiveCfg = Debug|Any CPU
		{439065d7-33cb-6972-6786-d173df2d0161}.Debug|Any CPU.Build.0 = Debug|Any CPU
		{5230e02c-b4f5-c845-9ba0-26520e8d3853}.Debug|Any CPU.ActiveCfg = Debug|Any CPU
		{5230e02c-b4f5-c845-9ba0-26520e8d3853}.Debug|Any CPU.Build.0 = Debug|Any CPU
		{3621e8f0-ca34-3d96-f95b-16252eba248c}.Debug|Any CPU.ActiveCfg = Debug|Any CPU
		{3621e8f0-ca34-3d96-f95b-16252eba248c}.Debug|Any CPU.Build.0 = Debug|Any CPU
	EndGlobalSection
	GlobalSection(SolutionProperties) = preSolution
		HideSolutionNode = FALSE
	EndGlobalSection
EndGlobal
